dependencies:
- name: postgresql
  repository: oci://dockerhub.nvidia.com/bitnamicharts
  version: 13.3.1
- name: postgresql-ha
  repository: oci://dockerhub.nvidia.com/bitnamicharts
  version: 12.7.0
- name: redis-cluster
  repository: oci://dockerhub.nvidia.com/bitnamicharts
  version: 9.2.1
- name: nemo-common
  repository: file://../../../library/
  version: 0.2.0
digest: sha256:3ed350a4b5d2642af010e70b90a9ad2c441a4c238d954e4160d4698e483a0907
generated: "2025-08-06T16:13:55.81119242Z"
