dependencies:
- name: nemo-guardrails
  repository: file://components/guardrails
  version: 0.2.0
- name: nemo-entity-store
  repository: file://components/entity-store
  version: 0.2.0
- name: nemo-datastore
  repository: file://components/datastore
  version: 0.5.1
- name: nemo-customizer
  repository: file://components/customizer
  version: 0.11.0-alpha.19
- name: nemo-evaluator
  repository: file://components/evaluator
  version: 0.2.8
- name: nemo-operator
  repository: file://components/nemo-operator
  version: 0.2.0
- name: nemo-deployment-management
  repository: file://components/deployment-management
  version: 0.2.1
- name: nemo-nim-proxy
  repository: file://components/nim-proxy
  version: 0.2.0
- name: nemo-auditor
  repository: file://components/auditor
  version: 0.1.0
- name: nim-llm
  repository: https://helm.ngc.nvidia.com/nvidian/nemo-llm
  version: 1.13.1
- name: k8s-nim-operator
  repository: https://helm.ngc.nvidia.com/nvidia/
  version: 2.0.2
- name: volcano
  repository: https://volcano-sh.github.io/helm-charts
  version: 1.9.0
digest: sha256:6df3bdead32eb40c40fc3ddc62b29f92830f77bffe7df1ccc0111fe784548150
generated: "2025-09-08T20:02:20.250211709Z"
